
Microsoft Visual Studio Solution File, Format Version 12.00
# Visual Studio Version 17
VisualStudioVersion = 17.6.33723.286
MinimumVisualStudioVersion = 10.0.40219.1
Project("{FAE04EC0-301F-11D3-BF4B-00C04F79EFBC}") = "Variaveis", "Variaveis\Variaveis.csproj", "{82350002-65EC-4F63-9EE1-A07264BDCDB1}"
EndProject
Global
	GlobalSection(SolutionConfigurationPlatforms) = preSolution
		Debug|Any CPU = Debug|Any CPU
		Release|Any CPU = Release|Any CPU
	EndGlobalSection
	GlobalSection(ProjectConfigurationPlatforms) = postSolution
		{82350002-65EC-4F63-9EE1-A07264BDCDB1}.Debug|Any CPU.ActiveCfg = Debug|Any CPU
		{82350002-65EC-4F63-9EE1-A07264BDCDB1}.Debug|Any CPU.Build.0 = Debug|Any CPU
		{82350002-65EC-4F63-9EE1-A07264BDCDB1}.Release|Any CPU.ActiveCfg = Release|Any CPU
		{82350002-65EC-4F63-9EE1-A07264BDCDB1}.Release|Any CPU.Build.0 = Release|Any CPU
	EndGlobalSection
	GlobalSection(SolutionProperties) = preSolution
		HideSolutionNode = FALSE
	EndGlobalSection
	GlobalSection(ExtensibilityGlobals) = postSolution
		SolutionGuid = {BBA83523-187D-4A3F-9AC4-6E5CA661A84E}
	EndGlobalSection
EndGlobal
