
Microsoft Visual Studio Solution File, Format Version 12.00
# Visual Studio Version 17
VisualStudioVersion = 17.6.33723.286
MinimumVisualStudioVersion = 10.0.40219.1
Project("{FAE04EC0-301F-11D3-BF4B-00C04F79EFBC}") = "Atalhos Aritméticos", "Atalhos Aritméticos\Atalhos Aritméticos.csproj", "{8F37209F-EF0F-4981-879D-4486E753E831}"
EndProject
Global
	GlobalSection(SolutionConfigurationPlatforms) = preSolution
		Debug|Any CPU = Debug|Any CPU
		Release|Any CPU = Release|Any CPU
	EndGlobalSection
	GlobalSection(ProjectConfigurationPlatforms) = postSolution
		{8F37209F-EF0F-4981-879D-4486E753E831}.Debug|Any CPU.ActiveCfg = Debug|Any CPU
		{8F37209F-EF0F-4981-879D-4486E753E831}.Debug|Any CPU.Build.0 = Debug|Any CPU
		{8F37209F-EF0F-4981-879D-4486E753E831}.Release|Any CPU.ActiveCfg = Release|Any CPU
		{8F37209F-EF0F-4981-879D-4486E753E831}.Release|Any CPU.Build.0 = Release|Any CPU
	EndGlobalSection
	GlobalSection(SolutionProperties) = preSolution
		HideSolutionNode = FALSE
	EndGlobalSection
	GlobalSection(ExtensibilityGlobals) = postSolution
		SolutionGuid = {17B9DE0B-06DD-48FE-AF5C-84D77D5E577A}
	EndGlobalSection
EndGlobal
