
Microsoft Visual Studio Solution File, Format Version 12.00
# Visual Studio Version 17
VisualStudioVersion = 17.6.33723.286
MinimumVisualStudioVersion = 10.0.40219.1
Project("{FAE04EC0-301F-11D3-BF4B-00C04F79EFBC}") = "Constantes_Coddy", "Constantes_Coddy\Constantes_Coddy.csproj", "{626A4265-67D3-4B1D-ADF8-A60231F71065}"
EndProject
Global
	GlobalSection(SolutionConfigurationPlatforms) = preSolution
		Debug|Any CPU = Debug|Any CPU
		Release|Any CPU = Release|Any CPU
	EndGlobalSection
	GlobalSection(ProjectConfigurationPlatforms) = postSolution
		{626A4265-67D3-4B1D-ADF8-A60231F71065}.Debug|Any CPU.ActiveCfg = Debug|Any CPU
		{626A4265-67D3-4B1D-ADF8-A60231F71065}.Debug|Any CPU.Build.0 = Debug|Any CPU
		{626A4265-67D3-4B1D-ADF8-A60231F71065}.Release|Any CPU.ActiveCfg = Release|Any CPU
		{626A4265-67D3-4B1D-ADF8-A60231F71065}.Release|Any CPU.Build.0 = Release|Any CPU
	EndGlobalSection
	GlobalSection(SolutionProperties) = preSolution
		HideSolutionNode = FALSE
	EndGlobalSection
	GlobalSection(ExtensibilityGlobals) = postSolution
		SolutionGuid = {A3C55245-1F2C-4D92-80AF-6CFE423CB700}
	EndGlobalSection
EndGlobal
