
Microsoft Visual Studio Solution File, Format Version 12.00
# Visual Studio Version 17
VisualStudioVersion = 17.6.33723.286
MinimumVisualStudioVersion = 10.0.40219.1
Project("{FAE04EC0-301F-11D3-BF4B-00C04F79EFBC}") = "strings", "strings\strings.csproj", "{B742519A-1396-464E-AC8F-E52756B92C1D}"
EndProject
Global
	GlobalSection(SolutionConfigurationPlatforms) = preSolution
		Debug|Any CPU = Debug|Any CPU
		Release|Any CPU = Release|Any CPU
	EndGlobalSection
	GlobalSection(ProjectConfigurationPlatforms) = postSolution
		{B742519A-1396-464E-AC8F-E52756B92C1D}.Debug|Any CPU.ActiveCfg = Debug|Any CPU
		{B742519A-1396-464E-AC8F-E52756B92C1D}.Debug|Any CPU.Build.0 = Debug|Any CPU
		{B742519A-1396-464E-AC8F-E52756B92C1D}.Release|Any CPU.ActiveCfg = Release|Any CPU
		{B742519A-1396-464E-AC8F-E52756B92C1D}.Release|Any CPU.Build.0 = Release|Any CPU
	EndGlobalSection
	GlobalSection(SolutionProperties) = preSolution
		HideSolutionNode = FALSE
	EndGlobalSection
	GlobalSection(ExtensibilityGlobals) = postSolution
		SolutionGuid = {C158335B-5186-4464-B649-EC604227FCD0}
	EndGlobalSection
EndGlobal
